// !$*UTF8*$!
{
	archiveVersion = 1;
	classes = {
	};
	objectVersion = 56;
	objects = {

/* Begin PBXBuildFile section */
		5805D0FE2B08F85C007AF0A2 /* FlagImageView.swift in Sources */ = {isa = PBXBuildFile; fileRef = 5805D0FD2B08F85C007AF0A2 /* FlagImageView.swift */; };
		5805D1012B08FAE7007AF0A2 /* StandingsBarView.swift in Sources */ = {isa = PBXBuildFile; fileRef = 5805D1002B08FAE7007AF0A2 /* StandingsBarView.swift */; };
		5805D1032B08FFD3007AF0A2 /* ResultImageView.swift in Sources */ = {isa = PBXBuildFile; fileRef = 5805D1022B08FFD3007AF0A2 /* ResultImageView.swift */; };
		580B16702A183300006A8E76 /* StandingsVC.swift in Sources */ = {isa = PBXBuildFile; fileRef = 580B166F2A183300006A8E76 /* StandingsVC.swift */; };
		583D6D9E2B1CF69E00F1DF52 /* ScheduleHeaderView.swift in Sources */ = {isa = PBXBuildFile; fileRef = 583D6D9D2B1CF69E00F1DF52 /* ScheduleHeaderView.swift */; };
		583FE4A62B08052900D0A2A9 /* ResultsDetailsVC.swift in Sources */ = {isa = PBXBuildFile; fileRef = 583FE4A52B08052900D0A2A9 /* ResultsDetailsVC.swift */; };
		583FE4A82B08114C00D0A2A9 /* RaceResultCell.swift in Sources */ = {isa = PBXBuildFile; fileRef = 583FE4A72B08114C00D0A2A9 /* RaceResultCell.swift */; };
		58601C5C2ABE3C620055B53B /* DriverStandingModel.swift in Sources */ = {isa = PBXBuildFile; fileRef = 58601C5B2ABE3C620055B53B /* DriverStandingModel.swift */; };
		58601C622ABE63200055B53B /* DriverModel.swift in Sources */ = {isa = PBXBuildFile; fileRef = 58601C612ABE63200055B53B /* DriverModel.swift */; };
		58601C642ABE632F0055B53B /* ConstructorModel.swift in Sources */ = {isa = PBXBuildFile; fileRef = 58601C632ABE632F0055B53B /* ConstructorModel.swift */; };
		58601C662ABE64450055B53B /* CircuitModel.swift in Sources */ = {isa = PBXBuildFile; fileRef = 58601C652ABE64450055B53B /* CircuitModel.swift */; };
		58601C6A2ABE66720055B53B /* LocationModel.swift in Sources */ = {isa = PBXBuildFile; fileRef = 58601C692ABE66720055B53B /* LocationModel.swift */; };
		58601C6C2ABE693B0055B53B /* APIService.swift in Sources */ = {isa = PBXBuildFile; fileRef = 58601C6B2ABE693B0055B53B /* APIService.swift */; };
		58601C6E2ABE6B740055B53B /* APIHandler.swift in Sources */ = {isa = PBXBuildFile; fileRef = 58601C6D2ABE6B740055B53B /* APIHandler.swift */; };
		587ACB6E2ADF338600BAF0E8 /* Alamofire in Frameworks */ = {isa = PBXBuildFile; productRef = 587ACB6D2ADF338600BAF0E8 /* Alamofire */; };
		587ACB762ADF33A500BAF0E8 /* FlagKit in Frameworks */ = {isa = PBXBuildFile; productRef = 587ACB752ADF33A500BAF0E8 /* FlagKit */; };
		587ACB792ADF347300BAF0E8 /* SnapKit in Frameworks */ = {isa = PBXBuildFile; productRef = 587ACB782ADF347300BAF0E8 /* SnapKit */; };
		58824D6D2AF6D9E300BA7839 /* ScheduleDetailsView.swift in Sources */ = {isa = PBXBuildFile; fileRef = 58824D6C2AF6D9E300BA7839 /* ScheduleDetailsView.swift */; };
		58824D6F2AF7BC8200BA7839 /* AdaptiveLayoutHelper.swift in Sources */ = {isa = PBXBuildFile; fileRef = 58824D6E2AF7BC8200BA7839 /* AdaptiveLayoutHelper.swift */; };
		589329732AEBE67900FB89A5 /* ScheduleCell.swift in Sources */ = {isa = PBXBuildFile; fileRef = 589329722AEBE67900FB89A5 /* ScheduleCell.swift */; };
		589925002AFE371A006D632C /* ResultCell.swift in Sources */ = {isa = PBXBuildFile; fileRef = 589924FF2AFE371A006D632C /* ResultCell.swift */; };
		589925052AFFA2D4006D632C /* CircuitDto.swift in Sources */ = {isa = PBXBuildFile; fileRef = 589925042AFFA2D4006D632C /* CircuitDto.swift */; };
		589925072AFFA3DA006D632C /* LocationDto.swift in Sources */ = {isa = PBXBuildFile; fileRef = 589925062AFFA3DA006D632C /* LocationDto.swift */; };
		589925092AFFA59C006D632C /* DriverDto.swift in Sources */ = {isa = PBXBuildFile; fileRef = 589925082AFFA59C006D632C /* DriverDto.swift */; };
		5899250B2AFFA5A8006D632C /* ConstructorDto.swift in Sources */ = {isa = PBXBuildFile; fileRef = 5899250A2AFFA5A8006D632C /* ConstructorDto.swift */; };
		5899250D2AFFB88E006D632C /* RaceResultDto.swift in Sources */ = {isa = PBXBuildFile; fileRef = 5899250C2AFFB88E006D632C /* RaceResultDto.swift */; };
		5899250F2AFFC8BE006D632C /* ScheduleDto.swift in Sources */ = {isa = PBXBuildFile; fileRef = 5899250E2AFFC8BE006D632C /* ScheduleDto.swift */; };
		589925112AFFCFE2006D632C /* DriverStandingDto.swift in Sources */ = {isa = PBXBuildFile; fileRef = 589925102AFFCFE2006D632C /* DriverStandingDto.swift */; };
		589925132AFFD000006D632C /* ConstructorStandingDto.swift in Sources */ = {isa = PBXBuildFile; fileRef = 589925122AFFD000006D632C /* ConstructorStandingDto.swift */; };
		589925162B004477006D632C /* QualifyingResultDto.swift in Sources */ = {isa = PBXBuildFile; fileRef = 589925152B004477006D632C /* QualifyingResultDto.swift */; };
		589925182B00448B006D632C /* SprintResultDto.swift in Sources */ = {isa = PBXBuildFile; fileRef = 589925172B00448B006D632C /* SprintResultDto.swift */; };
		5899251B2B005E34006D632C /* ScheduleModel.swift in Sources */ = {isa = PBXBuildFile; fileRef = 5899251A2B005E34006D632C /* ScheduleModel.swift */; };
		5899251D2B0061B5006D632C /* RaceResultModel.swift in Sources */ = {isa = PBXBuildFile; fileRef = 5899251C2B0061B5006D632C /* RaceResultModel.swift */; };
		5899251F2B0061C5006D632C /* SprintResultModel.swift in Sources */ = {isa = PBXBuildFile; fileRef = 5899251E2B0061C5006D632C /* SprintResultModel.swift */; };
		589925212B0061DF006D632C /* QualifyingResultModel.swift in Sources */ = {isa = PBXBuildFile; fileRef = 589925202B0061DF006D632C /* QualifyingResultModel.swift */; };
		589FA1912AF578AE009BC259 /* ScheduleDetailsVC.swift in Sources */ = {isa = PBXBuildFile; fileRef = 589FA1902AF578AE009BC259 /* ScheduleDetailsVC.swift */; };
		58BB13492ABEE93D004AA116 /* Repository.swift in Sources */ = {isa = PBXBuildFile; fileRef = 58BB13482ABEE93C004AA116 /* Repository.swift */; };
		58C6E4D02B08D88F00F3EF96 /* QualifyingResultCell.swift in Sources */ = {isa = PBXBuildFile; fileRef = 58C6E4CF2B08D88F00F3EF96 /* QualifyingResultCell.swift */; };
		58C6E4D52B08DDD200F3EF96 /* CellTextLabel.swift in Sources */ = {isa = PBXBuildFile; fileRef = 58C6E4D42B08DDD200F3EF96 /* CellTextLabel.swift */; };
		58CD73452B02E4B000BA9BD4 /* ConstructorStandingModel.swift in Sources */ = {isa = PBXBuildFile; fileRef = 58CD73442B02E4B000BA9BD4 /* ConstructorStandingModel.swift */; };
		58D500892A176DA700D5E10E /* AppDelegate.swift in Sources */ = {isa = PBXBuildFile; fileRef = 58D500882A176DA700D5E10E /* AppDelegate.swift */; };
		58D5008B2A176DA700D5E10E /* SceneDelegate.swift in Sources */ = {isa = PBXBuildFile; fileRef = 58D5008A2A176DA700D5E10E /* SceneDelegate.swift */; };
		58D500922A176DA900D5E10E /* Assets.xcassets in Resources */ = {isa = PBXBuildFile; fileRef = 58D500912A176DA900D5E10E /* Assets.xcassets */; };
		58D5009D2A176E0A00D5E10E /* TabBarVC.swift in Sources */ = {isa = PBXBuildFile; fileRef = 58D5009C2A176E0A00D5E10E /* TabBarVC.swift */; };
		58D500A72A176E2300D5E10E /* StandingsCell.swift in Sources */ = {isa = PBXBuildFile; fileRef = 58D500A02A176E2200D5E10E /* StandingsCell.swift */; };
		58D500BD2A176E7500D5E10E /* ResultsVC.swift in Sources */ = {isa = PBXBuildFile; fileRef = 58D500BB2A176E7500D5E10E /* ResultsVC.swift */; };
		58D500BE2A176E7500D5E10E /* ScheduleVC.swift in Sources */ = {isa = PBXBuildFile; fileRef = 58D500BC2A176E7500D5E10E /* ScheduleVC.swift */; };
		58F4D8DB2AF7D1B8002E4E3E /* ColorTheme.swift in Sources */ = {isa = PBXBuildFile; fileRef = 58F4D8DA2AF7D1B8002E4E3E /* ColorTheme.swift */; };
		58F4D8DD2AF80927002E4E3E /* ScheduleTimetableItemView.swift in Sources */ = {isa = PBXBuildFile; fileRef = 58F4D8DC2AF80927002E4E3E /* ScheduleTimetableItemView.swift */; };
		58F4D8E32AF9B926002E4E3E /* StringDateFormatter.swift in Sources */ = {isa = PBXBuildFile; fileRef = 58F4D8E22AF9B926002E4E3E /* StringDateFormatter.swift */; };
		58F4D8E52AFC70CF002E4E3E /* ScheduleDetailsLocationView.swift in Sources */ = {isa = PBXBuildFile; fileRef = 58F4D8E42AFC70CF002E4E3E /* ScheduleDetailsLocationView.swift */; };
		58F4D8E72AFC85EA002E4E3E /* CountryFlagProvider.swift in Sources */ = {isa = PBXBuildFile; fileRef = 58F4D8E62AFC85EA002E4E3E /* CountryFlagProvider.swift */; };
/* End PBXBuildFile section */

/* Begin PBXCopyFilesBuildPhase section */
		58D3D63A2ADF106300D6B539 /* Embed Frameworks */ = {
			isa = PBXCopyFilesBuildPhase;
			buildActionMask = 2147483647;
			dstPath = "";
			dstSubfolderSpec = 10;
			files = (
			);
			name = "Embed Frameworks";
			runOnlyForDeploymentPostprocessing = 0;
		};
/* End PBXCopyFilesBuildPhase section */

/* Begin PBXFileReference section */
		5805D0FD2B08F85C007AF0A2 /* FlagImageView.swift */ = {isa = PBXFileReference; lastKnownFileType = sourcecode.swift; path = FlagImageView.swift; sourceTree = "<group>"; };
		5805D1002B08FAE7007AF0A2 /* StandingsBarView.swift */ = {isa = PBXFileReference; lastKnownFileType = sourcecode.swift; path = StandingsBarView.swift; sourceTree = "<group>"; };
		5805D1022B08FFD3007AF0A2 /* ResultImageView.swift */ = {isa = PBXFileReference; lastKnownFileType = sourcecode.swift; path = ResultImageView.swift; sourceTree = "<group>"; };
		580B166F2A183300006A8E76 /* StandingsVC.swift */ = {isa = PBXFileReference; lastKnownFileType = sourcecode.swift; path = StandingsVC.swift; sourceTree = "<group>"; };
		583D6D9D2B1CF69E00F1DF52 /* ScheduleHeaderView.swift */ = {isa = PBXFileReference; lastKnownFileType = sourcecode.swift; path = ScheduleHeaderView.swift; sourceTree = "<group>"; };
		583FE4A52B08052900D0A2A9 /* ResultsDetailsVC.swift */ = {isa = PBXFileReference; lastKnownFileType = sourcecode.swift; path = ResultsDetailsVC.swift; sourceTree = "<group>"; };
		583FE4A72B08114C00D0A2A9 /* RaceResultCell.swift */ = {isa = PBXFileReference; lastKnownFileType = sourcecode.swift; path = RaceResultCell.swift; sourceTree = "<group>"; };
		58601C5B2ABE3C620055B53B /* DriverStandingModel.swift */ = {isa = PBXFileReference; lastKnownFileType = sourcecode.swift; path = DriverStandingModel.swift; sourceTree = "<group>"; };
		58601C612ABE63200055B53B /* DriverModel.swift */ = {isa = PBXFileReference; lastKnownFileType = sourcecode.swift; path = DriverModel.swift; sourceTree = "<group>"; };
		58601C632ABE632F0055B53B /* ConstructorModel.swift */ = {isa = PBXFileReference; lastKnownFileType = sourcecode.swift; path = ConstructorModel.swift; sourceTree = "<group>"; };
		58601C652ABE64450055B53B /* CircuitModel.swift */ = {isa = PBXFileReference; lastKnownFileType = sourcecode.swift; path = CircuitModel.swift; sourceTree = "<group>"; };
		58601C692ABE66720055B53B /* LocationModel.swift */ = {isa = PBXFileReference; lastKnownFileType = sourcecode.swift; path = LocationModel.swift; sourceTree = "<group>"; };
		58601C6B2ABE693B0055B53B /* APIService.swift */ = {isa = PBXFileReference; lastKnownFileType = sourcecode.swift; path = APIService.swift; sourceTree = "<group>"; };
		58601C6D2ABE6B740055B53B /* APIHandler.swift */ = {isa = PBXFileReference; lastKnownFileType = sourcecode.swift; path = APIHandler.swift; sourceTree = "<group>"; };
		58824D6C2AF6D9E300BA7839 /* ScheduleDetailsView.swift */ = {isa = PBXFileReference; lastKnownFileType = sourcecode.swift; path = ScheduleDetailsView.swift; sourceTree = "<group>"; };
		58824D6E2AF7BC8200BA7839 /* AdaptiveLayoutHelper.swift */ = {isa = PBXFileReference; lastKnownFileType = sourcecode.swift; path = AdaptiveLayoutHelper.swift; sourceTree = "<group>"; };
		589329722AEBE67900FB89A5 /* ScheduleCell.swift */ = {isa = PBXFileReference; lastKnownFileType = sourcecode.swift; path = ScheduleCell.swift; sourceTree = "<group>"; };
		589924FF2AFE371A006D632C /* ResultCell.swift */ = {isa = PBXFileReference; lastKnownFileType = sourcecode.swift; path = ResultCell.swift; sourceTree = "<group>"; };
		589925042AFFA2D4006D632C /* CircuitDto.swift */ = {isa = PBXFileReference; lastKnownFileType = sourcecode.swift; path = CircuitDto.swift; sourceTree = "<group>"; };
		589925062AFFA3DA006D632C /* LocationDto.swift */ = {isa = PBXFileReference; lastKnownFileType = sourcecode.swift; path = LocationDto.swift; sourceTree = "<group>"; };
		589925082AFFA59C006D632C /* DriverDto.swift */ = {isa = PBXFileReference; lastKnownFileType = sourcecode.swift; path = DriverDto.swift; sourceTree = "<group>"; };
		5899250A2AFFA5A8006D632C /* ConstructorDto.swift */ = {isa = PBXFileReference; lastKnownFileType = sourcecode.swift; path = ConstructorDto.swift; sourceTree = "<group>"; };
		5899250C2AFFB88E006D632C /* RaceResultDto.swift */ = {isa = PBXFileReference; lastKnownFileType = sourcecode.swift; path = RaceResultDto.swift; sourceTree = "<group>"; };
		5899250E2AFFC8BE006D632C /* ScheduleDto.swift */ = {isa = PBXFileReference; lastKnownFileType = sourcecode.swift; path = ScheduleDto.swift; sourceTree = "<group>"; };
		589925102AFFCFE2006D632C /* DriverStandingDto.swift */ = {isa = PBXFileReference; lastKnownFileType = sourcecode.swift; path = DriverStandingDto.swift; sourceTree = "<group>"; };
		589925122AFFD000006D632C /* ConstructorStandingDto.swift */ = {isa = PBXFileReference; lastKnownFileType = sourcecode.swift; path = ConstructorStandingDto.swift; sourceTree = "<group>"; };
		589925152B004477006D632C /* QualifyingResultDto.swift */ = {isa = PBXFileReference; lastKnownFileType = sourcecode.swift; path = QualifyingResultDto.swift; sourceTree = "<group>"; };
		589925172B00448B006D632C /* SprintResultDto.swift */ = {isa = PBXFileReference; lastKnownFileType = sourcecode.swift; path = SprintResultDto.swift; sourceTree = "<group>"; };
		5899251A2B005E34006D632C /* ScheduleModel.swift */ = {isa = PBXFileReference; lastKnownFileType = sourcecode.swift; path = ScheduleModel.swift; sourceTree = "<group>"; };
		5899251C2B0061B5006D632C /* RaceResultModel.swift */ = {isa = PBXFileReference; lastKnownFileType = sourcecode.swift; path = RaceResultModel.swift; sourceTree = "<group>"; };
		5899251E2B0061C5006D632C /* SprintResultModel.swift */ = {isa = PBXFileReference; lastKnownFileType = sourcecode.swift; path = SprintResultModel.swift; sourceTree = "<group>"; };
		589925202B0061DF006D632C /* QualifyingResultModel.swift */ = {isa = PBXFileReference; lastKnownFileType = sourcecode.swift; path = QualifyingResultModel.swift; sourceTree = "<group>"; };
		589FA1902AF578AE009BC259 /* ScheduleDetailsVC.swift */ = {isa = PBXFileReference; lastKnownFileType = sourcecode.swift; path = ScheduleDetailsVC.swift; sourceTree = "<group>"; };
		58BB13482ABEE93C004AA116 /* Repository.swift */ = {isa = PBXFileReference; lastKnownFileType = sourcecode.swift; path = Repository.swift; sourceTree = "<group>"; };
		58C6E4CF2B08D88F00F3EF96 /* QualifyingResultCell.swift */ = {isa = PBXFileReference; lastKnownFileType = sourcecode.swift; path = QualifyingResultCell.swift; sourceTree = "<group>"; };
		58C6E4D42B08DDD200F3EF96 /* CellTextLabel.swift */ = {isa = PBXFileReference; lastKnownFileType = sourcecode.swift; path = CellTextLabel.swift; sourceTree = "<group>"; };
		58CD73442B02E4B000BA9BD4 /* ConstructorStandingModel.swift */ = {isa = PBXFileReference; lastKnownFileType = sourcecode.swift; path = ConstructorStandingModel.swift; sourceTree = "<group>"; };
		58D500852A176DA700D5E10E /* Pitlane.app */ = {isa = PBXFileReference; explicitFileType = wrapper.application; includeInIndex = 0; path = Pitlane.app; sourceTree = BUILT_PRODUCTS_DIR; };
		58D500882A176DA700D5E10E /* AppDelegate.swift */ = {isa = PBXFileReference; lastKnownFileType = sourcecode.swift; path = AppDelegate.swift; sourceTree = "<group>"; };
		58D5008A2A176DA700D5E10E /* SceneDelegate.swift */ = {isa = PBXFileReference; lastKnownFileType = sourcecode.swift; path = SceneDelegate.swift; sourceTree = "<group>"; };
		58D500912A176DA900D5E10E /* Assets.xcassets */ = {isa = PBXFileReference; lastKnownFileType = folder.assetcatalog; path = Assets.xcassets; sourceTree = "<group>"; };
		58D500962A176DA900D5E10E /* Info.plist */ = {isa = PBXFileReference; lastKnownFileType = text.plist.xml; path = Info.plist; sourceTree = "<group>"; };
		58D5009C2A176E0A00D5E10E /* TabBarVC.swift */ = {isa = PBXFileReference; fileEncoding = 4; lastKnownFileType = sourcecode.swift; path = TabBarVC.swift; sourceTree = "<group>"; };
		58D500A02A176E2200D5E10E /* StandingsCell.swift */ = {isa = PBXFileReference; fileEncoding = 4; lastKnownFileType = sourcecode.swift; path = StandingsCell.swift; sourceTree = "<group>"; };
		58D500BB2A176E7500D5E10E /* ResultsVC.swift */ = {isa = PBXFileReference; fileEncoding = 4; lastKnownFileType = sourcecode.swift; path = ResultsVC.swift; sourceTree = "<group>"; };
		58D500BC2A176E7500D5E10E /* ScheduleVC.swift */ = {isa = PBXFileReference; fileEncoding = 4; lastKnownFileType = sourcecode.swift; path = ScheduleVC.swift; sourceTree = "<group>"; };
		58F4D8DA2AF7D1B8002E4E3E /* ColorTheme.swift */ = {isa = PBXFileReference; lastKnownFileType = sourcecode.swift; path = ColorTheme.swift; sourceTree = "<group>"; };
		58F4D8DC2AF80927002E4E3E /* ScheduleTimetableItemView.swift */ = {isa = PBXFileReference; lastKnownFileType = sourcecode.swift; path = ScheduleTimetableItemView.swift; sourceTree = "<group>"; };
		58F4D8E22AF9B926002E4E3E /* StringDateFormatter.swift */ = {isa = PBXFileReference; lastKnownFileType = sourcecode.swift; path = StringDateFormatter.swift; sourceTree = "<group>"; };
		58F4D8E42AFC70CF002E4E3E /* ScheduleDetailsLocationView.swift */ = {isa = PBXFileReference; lastKnownFileType = sourcecode.swift; path = ScheduleDetailsLocationView.swift; sourceTree = "<group>"; };
		58F4D8E62AFC85EA002E4E3E /* CountryFlagProvider.swift */ = {isa = PBXFileReference; lastKnownFileType = sourcecode.swift; path = CountryFlagProvider.swift; sourceTree = "<group>"; };
/* End PBXFileReference section */

/* Begin PBXFrameworksBuildPhase section */
		58D500822A176DA700D5E10E /* Frameworks */ = {
			isa = PBXFrameworksBuildPhase;
			buildActionMask = 2147483647;
			files = (
				587ACB792ADF347300BAF0E8 /* SnapKit in Frameworks */,
				587ACB6E2ADF338600BAF0E8 /* Alamofire in Frameworks */,
				587ACB762ADF33A500BAF0E8 /* FlagKit in Frameworks */,
			);
			runOnlyForDeploymentPostprocessing = 0;
		};
/* End PBXFrameworksBuildPhase section */

/* Begin PBXGroup section */
		5805D0FC2B08F815007AF0A2 /* UIImageViews */ = {
			isa = PBXGroup;
			children = (
				5805D0FD2B08F85C007AF0A2 /* FlagImageView.swift */,
				5805D1022B08FFD3007AF0A2 /* ResultImageView.swift */,
			);
			path = UIImageViews;
			sourceTree = "<group>";
		};
		5805D0FF2B08FAA8007AF0A2 /* Standings */ = {
			isa = PBXGroup;
			children = (
				5805D1002B08FAE7007AF0A2 /* StandingsBarView.swift */,
			);
			path = Standings;
			sourceTree = "<group>";
		};
		583D6D9C2B1CF67F00F1DF52 /* Schedule */ = {
			isa = PBXGroup;
			children = (
				583D6D9D2B1CF69E00F1DF52 /* ScheduleHeaderView.swift */,
			);
			path = Schedule;
			sourceTree = "<group>";
		};
		5857C0742ABD097E00D9E893 /* Remote */ = {
			isa = PBXGroup;
			children = (
				589925012AFFA198006D632C /* DTO */,
				58601C6D2ABE6B740055B53B /* APIHandler.swift */,
				58601C6B2ABE693B0055B53B /* APIService.swift */,
				58BB13482ABEE93C004AA116 /* Repository.swift */,
			);
			path = Remote;
			sourceTree = "<group>";
		};
		5857C0752ABD0AAF00D9E893 /* Model */ = {
			isa = PBXGroup;
			children = (
				589925192B005AF0006D632C /* Shared */,
				5899251A2B005E34006D632C /* ScheduleModel.swift */,
				5899251C2B0061B5006D632C /* RaceResultModel.swift */,
				589925202B0061DF006D632C /* QualifyingResultModel.swift */,
				5899251E2B0061C5006D632C /* SprintResultModel.swift */,
				58601C5B2ABE3C620055B53B /* DriverStandingModel.swift */,
				58CD73442B02E4B000BA9BD4 /* ConstructorStandingModel.swift */,
			);
			path = Model;
			sourceTree = "<group>";
		};
		589925012AFFA198006D632C /* DTO */ = {
			isa = PBXGroup;
			children = (
				5899250E2AFFC8BE006D632C /* ScheduleDto.swift */,
				5899250C2AFFB88E006D632C /* RaceResultDto.swift */,
				589925152B004477006D632C /* QualifyingResultDto.swift */,
				589925172B00448B006D632C /* SprintResultDto.swift */,
				589925102AFFCFE2006D632C /* DriverStandingDto.swift */,
				589925122AFFD000006D632C /* ConstructorStandingDto.swift */,
				589925142B0043B4006D632C /* Shared */,
				589925042AFFA2D4006D632C /* CircuitDto.swift */,
				589925062AFFA3DA006D632C /* LocationDto.swift */,
				589925082AFFA59C006D632C /* DriverDto.swift */,
				5899250A2AFFA5A8006D632C /* ConstructorDto.swift */,
			);
			path = DTO;
			sourceTree = "<group>";
		};
		589925142B0043B4006D632C /* Shared */ = {
			isa = PBXGroup;
			children = (
			);
			path = Shared;
			sourceTree = "<group>";
		};
		589925192B005AF0006D632C /* Shared */ = {
			isa = PBXGroup;
			children = (
				58601C612ABE63200055B53B /* DriverModel.swift */,
				58601C632ABE632F0055B53B /* ConstructorModel.swift */,
				58601C652ABE64450055B53B /* CircuitModel.swift */,
				58601C692ABE66720055B53B /* LocationModel.swift */,
			);
			path = Shared;
			sourceTree = "<group>";
		};
		58C6E4D12B08DBFB00F3EF96 /* CustomViews */ = {
			isa = PBXGroup;
			children = (
				583D6D9C2B1CF67F00F1DF52 /* Schedule */,
				58F4D8DE2AF809A0002E4E3E /* ScheduleDetails */,
				5805D0FF2B08FAA8007AF0A2 /* Standings */,
			);
			path = CustomViews;
			sourceTree = "<group>";
		};
		58C6E4D32B08DD1D00F3EF96 /* Labels */ = {
			isa = PBXGroup;
			children = (
				58C6E4D42B08DDD200F3EF96 /* CellTextLabel.swift */,
			);
			path = Labels;
			sourceTree = "<group>";
		};
		58D5007C2A176DA700D5E10E = {
			isa = PBXGroup;
			children = (
				58D500872A176DA700D5E10E /* Pitlane */,
				58D500862A176DA700D5E10E /* Products */,
			);
			sourceTree = "<group>";
		};
		58D500862A176DA700D5E10E /* Products */ = {
			isa = PBXGroup;
			children = (
				58D500852A176DA700D5E10E /* Pitlane.app */,
			);
			name = Products;
			sourceTree = "<group>";
		};
		58D500872A176DA700D5E10E /* Pitlane */ = {
			isa = PBXGroup;
			children = (
				5857C0752ABD0AAF00D9E893 /* Model */,
				5857C0742ABD097E00D9E893 /* Remote */,
				58D500BA2A176E7500D5E10E /* ViewControllers */,
				58D5009E2A176E2200D5E10E /* Views */,
				58D500B52A176E5100D5E10E /* Utillities */,
				58D500882A176DA700D5E10E /* AppDelegate.swift */,
				58D5008A2A176DA700D5E10E /* SceneDelegate.swift */,
				58D500912A176DA900D5E10E /* Assets.xcassets */,
				58D500962A176DA900D5E10E /* Info.plist */,
			);
			path = Pitlane;
			sourceTree = "<group>";
		};
		58D5009E2A176E2200D5E10E /* Views */ = {
			isa = PBXGroup;
			children = (
				58C6E4D12B08DBFB00F3EF96 /* CustomViews */,
				58C6E4D32B08DD1D00F3EF96 /* Labels */,
				5805D0FC2B08F815007AF0A2 /* UIImageViews */,
				58D5009F2A176E2200D5E10E /* Cells */,
			);
			path = Views;
			sourceTree = "<group>";
		};
		58D5009F2A176E2200D5E10E /* Cells */ = {
			isa = PBXGroup;
			children = (
				589329722AEBE67900FB89A5 /* ScheduleCell.swift */,
				589924FF2AFE371A006D632C /* ResultCell.swift */,
				583FE4A72B08114C00D0A2A9 /* RaceResultCell.swift */,
				58C6E4CF2B08D88F00F3EF96 /* QualifyingResultCell.swift */,
				58D500A02A176E2200D5E10E /* StandingsCell.swift */,
			);
			path = Cells;
			sourceTree = "<group>";
		};
		58D500B52A176E5100D5E10E /* Utillities */ = {
			isa = PBXGroup;
			children = (
				58F4D8E22AF9B926002E4E3E /* StringDateFormatter.swift */,
				58F4D8E62AFC85EA002E4E3E /* CountryFlagProvider.swift */,
				58F4D8DA2AF7D1B8002E4E3E /* ColorTheme.swift */,
				58824D6E2AF7BC8200BA7839 /* AdaptiveLayoutHelper.swift */,
			);
			path = Utillities;
			sourceTree = "<group>";
		};
		58D500BA2A176E7500D5E10E /* ViewControllers */ = {
			isa = PBXGroup;
			children = (
				58D5009C2A176E0A00D5E10E /* TabBarVC.swift */,
				58D500BC2A176E7500D5E10E /* ScheduleVC.swift */,
				589FA1902AF578AE009BC259 /* ScheduleDetailsVC.swift */,
				58D500BB2A176E7500D5E10E /* ResultsVC.swift */,
				583FE4A52B08052900D0A2A9 /* ResultsDetailsVC.swift */,
				580B166F2A183300006A8E76 /* StandingsVC.swift */,
			);
			path = ViewControllers;
			sourceTree = "<group>";
		};
		58F4D8DE2AF809A0002E4E3E /* ScheduleDetails */ = {
			isa = PBXGroup;
			children = (
				58824D6C2AF6D9E300BA7839 /* ScheduleDetailsView.swift */,
				58F4D8E42AFC70CF002E4E3E /* ScheduleDetailsLocationView.swift */,
				58F4D8DC2AF80927002E4E3E /* ScheduleTimetableItemView.swift */,
			);
			path = ScheduleDetails;
			sourceTree = "<group>";
		};
/* End PBXGroup section */

/* Begin PBXNativeTarget section */
		58D500842A176DA700D5E10E /* Pitlane */ = {
			isa = PBXNativeTarget;
			buildConfigurationList = 58D500992A176DA900D5E10E /* Build configuration list for PBXNativeTarget "Pitlane" */;
			buildPhases = (
				58D500812A176DA700D5E10E /* Sources */,
				58D500822A176DA700D5E10E /* Frameworks */,
				58D500832A176DA700D5E10E /* Resources */,
				58D3D63A2ADF106300D6B539 /* Embed Frameworks */,
			);
			buildRules = (
			);
			dependencies = (
			);
			name = Pitlane;
			packageProductDependencies = (
				587ACB6D2ADF338600BAF0E8 /* Alamofire */,
				587ACB752ADF33A500BAF0E8 /* FlagKit */,
				587ACB782ADF347300BAF0E8 /* SnapKit */,
			);
			productName = Pitlane;
			productReference = 58D500852A176DA700D5E10E /* Pitlane.app */;
			productType = "com.apple.product-type.application";
		};
/* End PBXNativeTarget section */

/* Begin PBXProject section */
		58D5007D2A176DA700D5E10E /* Project object */ = {
			isa = PBXProject;
			attributes = {
				BuildIndependentTargetsInParallel = 1;
				LastSwiftUpdateCheck = 1420;
				LastUpgradeCheck = 1500;
				TargetAttributes = {
					58D500842A176DA700D5E10E = {
						CreatedOnToolsVersion = 14.2;
						LastSwiftMigration = 1500;
					};
				};
			};
			buildConfigurationList = 58D500802A176DA700D5E10E /* Build configuration list for PBXProject "Pitlane" */;
			compatibilityVersion = "Xcode 14.0";
			developmentRegion = en;
			hasScannedForEncodings = 0;
			knownRegions = (
				en,
				Base,
			);
			mainGroup = 58D5007C2A176DA700D5E10E;
			packageReferences = (
				587ACB6C2ADF338600BAF0E8 /* XCRemoteSwiftPackageReference "Alamofire" */,
				587ACB742ADF33A500BAF0E8 /* XCRemoteSwiftPackageReference "FlagKit" */,
				587ACB772ADF347300BAF0E8 /* XCRemoteSwiftPackageReference "SnapKit" */,
			);
			productRefGroup = 58D500862A176DA700D5E10E /* Products */;
			projectDirPath = "";
			projectRoot = "";
			targets = (
				58D500842A176DA700D5E10E /* Pitlane */,
			);
		};
/* End PBXProject section */

/* Begin PBXResourcesBuildPhase section */
		58D500832A176DA700D5E10E /* Resources */ = {
			isa = PBXResourcesBuildPhase;
			buildActionMask = 2147483647;
			files = (
				58D500922A176DA900D5E10E /* Assets.xcassets in Resources */,
			);
			runOnlyForDeploymentPostprocessing = 0;
		};
/* End PBXResourcesBuildPhase section */

/* Begin PBXSourcesBuildPhase section */
		58D500812A176DA700D5E10E /* Sources */ = {
			isa = PBXSourcesBuildPhase;
			buildActionMask = 2147483647;
			files = (
				58601C6E2ABE6B740055B53B /* APIHandler.swift in Sources */,
				58C6E4D02B08D88F00F3EF96 /* QualifyingResultCell.swift in Sources */,
				589925182B00448B006D632C /* SprintResultDto.swift in Sources */,
				589925112AFFCFE2006D632C /* DriverStandingDto.swift in Sources */,
				58D500BE2A176E7500D5E10E /* ScheduleVC.swift in Sources */,
				58601C642ABE632F0055B53B /* ConstructorModel.swift in Sources */,
				58C6E4D52B08DDD200F3EF96 /* CellTextLabel.swift in Sources */,
				58F4D8E32AF9B926002E4E3E /* StringDateFormatter.swift in Sources */,
				580B16702A183300006A8E76 /* StandingsVC.swift in Sources */,
				58D500892A176DA700D5E10E /* AppDelegate.swift in Sources */,
				58D5008B2A176DA700D5E10E /* SceneDelegate.swift in Sources */,
				589329732AEBE67900FB89A5 /* ScheduleCell.swift in Sources */,
				589925132AFFD000006D632C /* ConstructorStandingDto.swift in Sources */,
				58601C662ABE64450055B53B /* CircuitModel.swift in Sources */,
				5899251B2B005E34006D632C /* ScheduleModel.swift in Sources */,
				58824D6F2AF7BC8200BA7839 /* AdaptiveLayoutHelper.swift in Sources */,
				58F4D8DD2AF80927002E4E3E /* ScheduleTimetableItemView.swift in Sources */,
				5899250D2AFFB88E006D632C /* RaceResultDto.swift in Sources */,
				58F4D8E72AFC85EA002E4E3E /* CountryFlagProvider.swift in Sources */,
				5805D0FE2B08F85C007AF0A2 /* FlagImageView.swift in Sources */,
				589925052AFFA2D4006D632C /* CircuitDto.swift in Sources */,
				5805D1032B08FFD3007AF0A2 /* ResultImageView.swift in Sources */,
				58CD73452B02E4B000BA9BD4 /* ConstructorStandingModel.swift in Sources */,
				589925162B004477006D632C /* QualifyingResultDto.swift in Sources */,
				58824D6D2AF6D9E300BA7839 /* ScheduleDetailsView.swift in Sources */,
				583FE4A62B08052900D0A2A9 /* ResultsDetailsVC.swift in Sources */,
				58F4D8E52AFC70CF002E4E3E /* ScheduleDetailsLocationView.swift in Sources */,
				58D500BD2A176E7500D5E10E /* ResultsVC.swift in Sources */,
				5899250B2AFFA5A8006D632C /* ConstructorDto.swift in Sources */,
				5899251D2B0061B5006D632C /* RaceResultModel.swift in Sources */,
				589925212B0061DF006D632C /* QualifyingResultModel.swift in Sources */,
				589925072AFFA3DA006D632C /* LocationDto.swift in Sources */,
				58D500A72A176E2300D5E10E /* StandingsCell.swift in Sources */,
				58D5009D2A176E0A00D5E10E /* TabBarVC.swift in Sources */,
				58601C6A2ABE66720055B53B /* LocationModel.swift in Sources */,
				583D6D9E2B1CF69E00F1DF52 /* ScheduleHeaderView.swift in Sources */,
				5805D1012B08FAE7007AF0A2 /* StandingsBarView.swift in Sources */,
				5899251F2B0061C5006D632C /* SprintResultModel.swift in Sources */,
				58601C622ABE63200055B53B /* DriverModel.swift in Sources */,
				58601C6C2ABE693B0055B53B /* APIService.swift in Sources */,
				58F4D8DB2AF7D1B8002E4E3E /* ColorTheme.swift in Sources */,
				58601C5C2ABE3C620055B53B /* DriverStandingModel.swift in Sources */,
				58BB13492ABEE93D004AA116 /* Repository.swift in Sources */,
				589925092AFFA59C006D632C /* DriverDto.swift in Sources */,
				589925002AFE371A006D632C /* ResultCell.swift in Sources */,
				583FE4A82B08114C00D0A2A9 /* RaceResultCell.swift in Sources */,
				5899250F2AFFC8BE006D632C /* ScheduleDto.swift in Sources */,
				589FA1912AF578AE009BC259 /* ScheduleDetailsVC.swift in Sources */,
			);
			runOnlyForDeploymentPostprocessing = 0;
		};
/* End PBXSourcesBuildPhase section */

/* Begin XCBuildConfiguration section */
		58D500972A176DA900D5E10E /* Debug */ = {
			isa = XCBuildConfiguration;
			buildSettings = {
				ALWAYS_SEARCH_USER_PATHS = NO;
				CLANG_ANALYZER_NONNULL = YES;
				CLANG_ANALYZER_NUMBER_OBJECT_CONVERSION = YES_AGGRESSIVE;
				CLANG_CXX_LANGUAGE_STANDARD = "gnu++20";
				CLANG_ENABLE_MODULES = YES;
				CLANG_ENABLE_OBJC_ARC = YES;
				CLANG_ENABLE_OBJC_WEAK = YES;
				CLANG_WARN_BLOCK_CAPTURE_AUTORELEASING = YES;
				CLANG_WARN_BOOL_CONVERSION = YES;
				CLANG_WARN_COMMA = YES;
				CLANG_WARN_CONSTANT_CONVERSION = YES;
				CLANG_WARN_DEPRECATED_OBJC_IMPLEMENTATIONS = YES;
				CLANG_WARN_DIRECT_OBJC_ISA_USAGE = YES_ERROR;
				CLANG_WARN_DOCUMENTATION_COMMENTS = YES;
				CLANG_WARN_EMPTY_BODY = YES;
				CLANG_WARN_ENUM_CONVERSION = YES;
				CLANG_WARN_INFINITE_RECURSION = YES;
				CLANG_WARN_INT_CONVERSION = YES;
				CLANG_WARN_NON_LITERAL_NULL_CONVERSION = YES;
				CLANG_WARN_OBJC_IMPLICIT_RETAIN_SELF = YES;
				CLANG_WARN_OBJC_LITERAL_CONVERSION = YES;
				CLANG_WARN_OBJC_ROOT_CLASS = YES_ERROR;
				CLANG_WARN_QUOTED_INCLUDE_IN_FRAMEWORK_HEADER = YES;
				CLANG_WARN_RANGE_LOOP_ANALYSIS = YES;
				CLANG_WARN_STRICT_PROTOTYPES = YES;
				CLANG_WARN_SUSPICIOUS_MOVE = YES;
				CLANG_WARN_UNGUARDED_AVAILABILITY = YES_AGGRESSIVE;
				CLANG_WARN_UNREACHABLE_CODE = YES;
				CLANG_WARN__DUPLICATE_METHOD_MATCH = YES;
				COPY_PHASE_STRIP = NO;
				DEBUG_INFORMATION_FORMAT = dwarf;
				ENABLE_STRICT_OBJC_MSGSEND = YES;
				ENABLE_TESTABILITY = YES;
				ENABLE_USER_SCRIPT_SANDBOXING = YES;
				GCC_C_LANGUAGE_STANDARD = gnu11;
				GCC_DYNAMIC_NO_PIC = NO;
				GCC_NO_COMMON_BLOCKS = YES;
				GCC_OPTIMIZATION_LEVEL = 0;
				GCC_PREPROCESSOR_DEFINITIONS = (
					"DEBUG=1",
					"$(inherited)",
				);
				GCC_WARN_64_TO_32_BIT_CONVERSION = YES;
				GCC_WARN_ABOUT_RETURN_TYPE = YES_ERROR;
				GCC_WARN_UNDECLARED_SELECTOR = YES;
				GCC_WARN_UNINITIALIZED_AUTOS = YES_AGGRESSIVE;
				GCC_WARN_UNUSED_FUNCTION = YES;
				GCC_WARN_UNUSED_VARIABLE = YES;
				IPHONEOS_DEPLOYMENT_TARGET = 16.2;
				MTL_ENABLE_DEBUG_INFO = INCLUDE_SOURCE;
				MTL_FAST_MATH = YES;
				ONLY_ACTIVE_ARCH = YES;
				SDKROOT = iphoneos;
				SWIFT_ACTIVE_COMPILATION_CONDITIONS = DEBUG;
				SWIFT_OPTIMIZATION_LEVEL = "-Onone";
			};
			name = Debug;
		};
		58D500982A176DA900D5E10E /* Release */ = {
			isa = XCBuildConfiguration;
			buildSettings = {
				ALWAYS_SEARCH_USER_PATHS = NO;
				CLANG_ANALYZER_NONNULL = YES;
				CLANG_ANALYZER_NUMBER_OBJECT_CONVERSION = YES_AGGRESSIVE;
				CLANG_CXX_LANGUAGE_STANDARD = "gnu++20";
				CLANG_ENABLE_MODULES = YES;
				CLANG_ENABLE_OBJC_ARC = YES;
				CLANG_ENABLE_OBJC_WEAK = YES;
				CLANG_WARN_BLOCK_CAPTURE_AUTORELEASING = YES;
				CLANG_WARN_BOOL_CONVERSION = YES;
				CLANG_WARN_COMMA = YES;
				CLANG_WARN_CONSTANT_CONVERSION = YES;
				CLANG_WARN_DEPRECATED_OBJC_IMPLEMENTATIONS = YES;
				CLANG_WARN_DIRECT_OBJC_ISA_USAGE = YES_ERROR;
				CLANG_WARN_DOCUMENTATION_COMMENTS = YES;
				CLANG_WARN_EMPTY_BODY = YES;
				CLANG_WARN_ENUM_CONVERSION = YES;
				CLANG_WARN_INFINITE_RECURSION = YES;
				CLANG_WARN_INT_CONVERSION = YES;
				CLANG_WARN_NON_LITERAL_NULL_CONVERSION = YES;
				CLANG_WARN_OBJC_IMPLICIT_RETAIN_SELF = YES;
				CLANG_WARN_OBJC_LITERAL_CONVERSION = YES;
				CLANG_WARN_OBJC_ROOT_CLASS = YES_ERROR;
				CLANG_WARN_QUOTED_INCLUDE_IN_FRAMEWORK_HEADER = YES;
				CLANG_WARN_RANGE_LOOP_ANALYSIS = YES;
				CLANG_WARN_STRICT_PROTOTYPES = YES;
				CLANG_WARN_SUSPICIOUS_MOVE = YES;
				CLANG_WARN_UNGUARDED_AVAILABILITY = YES_AGGRESSIVE;
				CLANG_WARN_UNREACHABLE_CODE = YES;
				CLANG_WARN__DUPLICATE_METHOD_MATCH = YES;
				COPY_PHASE_STRIP = NO;
				DEBUG_INFORMATION_FORMAT = "dwarf-with-dsym";
				ENABLE_NS_ASSERTIONS = NO;
				ENABLE_STRICT_OBJC_MSGSEND = YES;
				ENABLE_USER_SCRIPT_SANDBOXING = YES;
				GCC_C_LANGUAGE_STANDARD = gnu11;
				GCC_NO_COMMON_BLOCKS = YES;
				GCC_WARN_64_TO_32_BIT_CONVERSION = YES;
				GCC_WARN_ABOUT_RETURN_TYPE = YES_ERROR;
				GCC_WARN_UNDECLARED_SELECTOR = YES;
				GCC_WARN_UNINITIALIZED_AUTOS = YES_AGGRESSIVE;
				GCC_WARN_UNUSED_FUNCTION = YES;
				GCC_WARN_UNUSED_VARIABLE = YES;
				IPHONEOS_DEPLOYMENT_TARGET = 16.2;
				MTL_ENABLE_DEBUG_INFO = NO;
				MTL_FAST_MATH = YES;
				SDKROOT = iphoneos;
				SWIFT_COMPILATION_MODE = wholemodule;
				SWIFT_OPTIMIZATION_LEVEL = "-O";
				VALIDATE_PRODUCT = YES;
			};
			name = Release;
		};
		58D5009A2A176DA900D5E10E /* Debug */ = {
			isa = XCBuildConfiguration;
			buildSettings = {
				ASSETCATALOG_COMPILER_APPICON_NAME = AppIcon;
				ASSETCATALOG_COMPILER_GLOBAL_ACCENT_COLOR_NAME = AccentColor;
				CLANG_ENABLE_MODULES = YES;
				CODE_SIGN_STYLE = Automatic;
				CURRENT_PROJECT_VERSION = 1;
				DEVELOPMENT_TEAM = B5C5KJWJ34;
				GENERATE_INFOPLIST_FILE = YES;
				INFOPLIST_FILE = Pitlane/Info.plist;
				INFOPLIST_KEY_UIApplicationSupportsIndirectInputEvents = YES;
				INFOPLIST_KEY_UILaunchStoryboardName = LaunchScreen;
				INFOPLIST_KEY_UISupportedInterfaceOrientations_iPad = "UIInterfaceOrientationPortrait UIInterfaceOrientationPortraitUpsideDown UIInterfaceOrientationLandscapeLeft UIInterfaceOrientationLandscapeRight";
				INFOPLIST_KEY_UISupportedInterfaceOrientations_iPhone = "UIInterfaceOrientationPortrait UIInterfaceOrientationLandscapeLeft UIInterfaceOrientationLandscapeRight";
				IPHONEOS_DEPLOYMENT_TARGET = 15.0;
				LD_RUNPATH_SEARCH_PATHS = (
					"$(inherited)",
					"@executable_path/Frameworks",
				);
				MARKETING_VERSION = 1.0;
				PRODUCT_BUNDLE_IDENTIFIER = adamzapior.Pitlane;
				PRODUCT_NAME = "$(TARGET_NAME)";
				SWIFT_EMIT_LOC_STRINGS = YES;
				SWIFT_OPTIMIZATION_LEVEL = "-Onone";
				SWIFT_VERSION = 5.0;
				TARGETED_DEVICE_FAMILY = "1,2";
			};
			name = Debug;
		};
		58D5009B2A176DA900D5E10E /* Release */ = {
			isa = XCBuildConfiguration;
			buildSettings = {
				ASSETCATALOG_COMPILER_APPICON_NAME = AppIcon;
				ASSETCATALOG_COMPILER_GLOBAL_ACCENT_COLOR_NAME = AccentColor;
				CLANG_ENABLE_MODULES = YES;
				CODE_SIGN_STYLE = Automatic;
				CURRENT_PROJECT_VERSION = 1;
				DEVELOPMENT_TEAM = B5C5KJWJ34;
				GENERATE_INFOPLIST_FILE = YES;
				INFOPLIST_FILE = Pitlane/Info.plist;
				INFOPLIST_KEY_UIApplicationSupportsIndirectInputEvents = YES;
				INFOPLIST_KEY_UILaunchStoryboardName = LaunchScreen;
				INFOPLIST_KEY_UISupportedInterfaceOrientations_iPad = "UIInterfaceOrientationPortrait UIInterfaceOrientationPortraitUpsideDown UIInterfaceOrientationLandscapeLeft UIInterfaceOrientationLandscapeRight";
				INFOPLIST_KEY_UISupportedInterfaceOrientations_iPhone = "UIInterfaceOrientationPortrait UIInterfaceOrientationLandscapeLeft UIInterfaceOrientationLandscapeRight";
				IPHONEOS_DEPLOYMENT_TARGET = 15.0;
				LD_RUNPATH_SEARCH_PATHS = (
					"$(inherited)",
					"@executable_path/Frameworks",
				);
				MARKETING_VERSION = 1.0;
				PRODUCT_BUNDLE_IDENTIFIER = adamzapior.Pitlane;
				PRODUCT_NAME = "$(TARGET_NAME)";
				SWIFT_EMIT_LOC_STRINGS = YES;
				SWIFT_VERSION = 5.0;
				TARGETED_DEVICE_FAMILY = "1,2";
			};
			name = Release;
		};
/* End XCBuildConfiguration section */

/* Begin XCConfigurationList section */
		58D500802A176DA700D5E10E /* Build configuration list for PBXProject "Pitlane" */ = {
			isa = XCConfigurationList;
			buildConfigurations = (
				58D500972A176DA900D5E10E /* Debug */,
				58D500982A176DA900D5E10E /* Release */,
			);
			defaultConfigurationIsVisible = 0;
			defaultConfigurationName = Release;
		};
		58D500992A176DA900D5E10E /* Build configuration list for PBXNativeTarget "Pitlane" */ = {
			isa = XCConfigurationList;
			buildConfigurations = (
				58D5009A2A176DA900D5E10E /* Debug */,
				58D5009B2A176DA900D5E10E /* Release */,
			);
			defaultConfigurationIsVisible = 0;
			defaultConfigurationName = Release;
		};
/* End XCConfigurationList section */

/* Begin XCRemoteSwiftPackageReference section */
		587ACB6C2ADF338600BAF0E8 /* XCRemoteSwiftPackageReference "Alamofire" */ = {
			isa = XCRemoteSwiftPackageReference;
			repositoryURL = "https://github.com/Alamofire/Alamofire.git";
			requirement = {
				kind = upToNextMajorVersion;
				minimumVersion = 5.8.0;
			};
		};
		587ACB742ADF33A500BAF0E8 /* XCRemoteSwiftPackageReference "FlagKit" */ = {
			isa = XCRemoteSwiftPackageReference;
			repositoryURL = "https://github.com/madebybowtie/FlagKit.git";
			requirement = {
				kind = upToNextMajorVersion;
				minimumVersion = 2.4.0;
			};
		};
		587ACB772ADF347300BAF0E8 /* XCRemoteSwiftPackageReference "SnapKit" */ = {
			isa = XCRemoteSwiftPackageReference;
			repositoryURL = "https://github.com/SnapKit/SnapKit.git";
			requirement = {
				kind = upToNextMajorVersion;
				minimumVersion = 5.6.0;
			};
		};
/* End XCRemoteSwiftPackageReference section */

/* Begin XCSwiftPackageProductDependency section */
		587ACB6D2ADF338600BAF0E8 /* Alamofire */ = {
			isa = XCSwiftPackageProductDependency;
			package = 587ACB6C2ADF338600BAF0E8 /* XCRemoteSwiftPackageReference "Alamofire" */;
			productName = Alamofire;
		};
		587ACB752ADF33A500BAF0E8 /* FlagKit */ = {
			isa = XCSwiftPackageProductDependency;
			package = 587ACB742ADF33A500BAF0E8 /* XCRemoteSwiftPackageReference "FlagKit" */;
			productName = FlagKit;
		};
		587ACB782ADF347300BAF0E8 /* SnapKit */ = {
			isa = XCSwiftPackageProductDependency;
			package = 587ACB772ADF347300BAF0E8 /* XCRemoteSwiftPackageReference "SnapKit" */;
			productName = SnapKit;
		};
/* End XCSwiftPackageProductDependency section */
	};
	rootObject = 58D5007D2A176DA700D5E10E /* Project object */;
}
